
Microsoft Visual Studio Solution File, Format Version 12.00
# Visual Studio 14
VisualStudioVersion = 14.0.25420.1
MinimumVisualStudioVersion = 10.0.40219.1
Project("{FAE04EC0-301F-11D3-BF4B-00C04F79EFBC}") = "Elders.Cronus.Projections.Cassandra", "Elders.Cronus.Projections.Cassandra\Elders.Cronus.Projections.Cassandra.csproj", "{EE46D4DA-D6F4-4AED-840E-9E4C0FE3A467}"
EndProject
Project("{2150E333-8FDC-42A3-9474-1A3956D46DE8}") = ".build", ".build", "{8F7D82FB-065C-49AA-B6BF-4686FC25619E}"
	ProjectSection(SolutionItems) = preProject
		..\build.cmd = ..\build.cmd
		Elders.Cronus.Projections.Cassandra\Cronus.Projections.Cassandra.nuspec = Elders.Cronus.Projections.Cassandra\Cronus.Projections.Cassandra.nuspec
		Elders.Cronus.Projections.Cassandra\RELEASE_NOTES.md = Elders.Cronus.Projections.Cassandra\RELEASE_NOTES.md
	EndProjectSection
EndProject
Project("{FAE04EC0-301F-11D3-BF4B-00C04F79EFBC}") = "Elders.Cronus.Projections.Cassandra.Tests", "Elders.Cronus.Projections.Cassandra.Tests\Elders.Cronus.Projections.Cassandra.Tests.csproj", "{1ED67B67-253A-4C38-8A8B-BBDF6329FF5F}"
EndProject
Global
	GlobalSection(SolutionConfigurationPlatforms) = preSolution
		Debug|Any CPU = Debug|Any CPU
		Release|Any CPU = Release|Any CPU
	EndGlobalSection
	GlobalSection(ProjectConfigurationPlatforms) = postSolution
		{EE46D4DA-D6F4-4AED-840E-9E4C0FE3A467}.Debug|Any CPU.ActiveCfg = Debug|Any CPU
		{EE46D4DA-D6F4-4AED-840E-9E4C0FE3A467}.Debug|Any CPU.Build.0 = Debug|Any CPU
		{EE46D4DA-D6F4-4AED-840E-9E4C0FE3A467}.Release|Any CPU.ActiveCfg = Release|Any CPU
		{EE46D4DA-D6F4-4AED-840E-9E4C0FE3A467}.Release|Any CPU.Build.0 = Release|Any CPU
		{1ED67B67-253A-4C38-8A8B-BBDF6329FF5F}.Debug|Any CPU.ActiveCfg = Debug|Any CPU
		{1ED67B67-253A-4C38-8A8B-BBDF6329FF5F}.Debug|Any CPU.Build.0 = Debug|Any CPU
		{1ED67B67-253A-4C38-8A8B-BBDF6329FF5F}.Release|Any CPU.ActiveCfg = Release|Any CPU
		{1ED67B67-253A-4C38-8A8B-BBDF6329FF5F}.Release|Any CPU.Build.0 = Release|Any CPU
	EndGlobalSection
	GlobalSection(SolutionProperties) = preSolution
		HideSolutionNode = FALSE
	EndGlobalSection
EndGlobal
